
Microsoft Visual Studio Solution File, Format Version 12.00
# Visual Studio 15
VisualStudioVersion = 15.0.28307.757
MinimumVisualStudioVersion = 10.0.40219.1
Project("{FAE04EC0-301F-11D3-BF4B-00C04F79EFBC}") = "Senai.Sstop.WebApi", "Senai.Sstop.WebApi\Senai.Sstop.WebApi.csproj", "{38D16E6B-DF8C-49B2-8DFF-ABA300F132F2}"
EndProject
Global
	GlobalSection(SolutionConfigurationPlatforms) = preSolution
		Debug|Any CPU = Debug|Any CPU
		Release|Any CPU = Release|Any CPU
	EndGlobalSection
	GlobalSection(ProjectConfigurationPlatforms) = postSolution
		{38D16E6B-DF8C-49B2-8DFF-ABA300F132F2}.Debug|Any CPU.ActiveCfg = Debug|Any CPU
		{38D16E6B-DF8C-49B2-8DFF-ABA300F132F2}.Debug|Any CPU.Build.0 = Debug|Any CPU
		{38D16E6B-DF8C-49B2-8DFF-ABA300F132F2}.Release|Any CPU.ActiveCfg = Release|Any CPU
		{38D16E6B-DF8C-49B2-8DFF-ABA300F132F2}.Release|Any CPU.Build.0 = Release|Any CPU
	EndGlobalSection
	GlobalSection(SolutionProperties) = preSolution
		HideSolutionNode = FALSE
	EndGlobalSection
	GlobalSection(ExtensibilityGlobals) = postSolution
		SolutionGuid = {A50BB679-BCF8-477F-874D-274AC482F1EF}
	EndGlobalSection
EndGlobal
