
Microsoft Visual Studio Solution File, Format Version 12.00
# Visual Studio 15
VisualStudioVersion = 15.0.28307.757
MinimumVisualStudioVersion = 10.0.40219.1
Project("{FAE04EC0-301F-11D3-BF4B-00C04F79EFBC}") = "Senai.Peoples.WebApi", "Senai.Peoples.WebApi\Senai.Peoples.WebApi.csproj", "{F3B86B86-A675-431E-98F2-6D55B8BAF0AD}"
EndProject
Global
	GlobalSection(SolutionConfigurationPlatforms) = preSolution
		Debug|Any CPU = Debug|Any CPU
		Release|Any CPU = Release|Any CPU
	EndGlobalSection
	GlobalSection(ProjectConfigurationPlatforms) = postSolution
		{F3B86B86-A675-431E-98F2-6D55B8BAF0AD}.Debug|Any CPU.ActiveCfg = Debug|Any CPU
		{F3B86B86-A675-431E-98F2-6D55B8BAF0AD}.Debug|Any CPU.Build.0 = Debug|Any CPU
		{F3B86B86-A675-431E-98F2-6D55B8BAF0AD}.Release|Any CPU.ActiveCfg = Release|Any CPU
		{F3B86B86-A675-431E-98F2-6D55B8BAF0AD}.Release|Any CPU.Build.0 = Release|Any CPU
	EndGlobalSection
	GlobalSection(SolutionProperties) = preSolution
		HideSolutionNode = FALSE
	EndGlobalSection
	GlobalSection(ExtensibilityGlobals) = postSolution
		SolutionGuid = {958FD98E-0494-42DF-8AAD-A76542EFC228}
	EndGlobalSection
EndGlobal
